
Microsoft Visual Studio Solution File, Format Version 12.00
# Visual Studio Version 16
VisualStudioVersion = 16.0.29001.49
MinimumVisualStudioVersion = 10.0.40219.1
Project("{FAE04EC0-301F-11D3-BF4B-00C04F79EFBC}") = "Presentacion", "Presentacion\Presentacion.csproj", "{2EDF3B42-3571-495A-9B8D-F577A2FBA3FD}"
EndProject
Project("{FAE04EC0-301F-11D3-BF4B-00C04F79EFBC}") = "Datos", "Datos\Datos.csproj", "{6BF0A43B-8A0B-4C57-B929-28EE7C61F5D4}"
EndProject
Project("{FAE04EC0-301F-11D3-BF4B-00C04F79EFBC}") = "Negocio", "Negocio\Negocio.csproj", "{76C4AE17-FDDB-4F99-8B12-40CB91475582}"
EndProject
Project("{FAE04EC0-301F-11D3-BF4B-00C04F79EFBC}") = "Entidad", "Entidad\Entidad.csproj", "{29C81EF9-0D9B-4024-8A65-F0FFE3033324}"
EndProject
Project("{FAE04EC0-301F-11D3-BF4B-00C04F79EFBC}") = "Componete", "Componete\Componete.csproj", "{80D31513-0A7D-4EFC-BED3-9B6241389DBD}"
EndProject
Global
	GlobalSection(SolutionConfigurationPlatforms) = preSolution
		Debug|Any CPU = Debug|Any CPU
		Release|Any CPU = Release|Any CPU
	EndGlobalSection
	GlobalSection(ProjectConfigurationPlatforms) = postSolution
		{2EDF3B42-3571-495A-9B8D-F577A2FBA3FD}.Debug|Any CPU.ActiveCfg = Debug|Any CPU
		{2EDF3B42-3571-495A-9B8D-F577A2FBA3FD}.Debug|Any CPU.Build.0 = Debug|Any CPU
		{2EDF3B42-3571-495A-9B8D-F577A2FBA3FD}.Release|Any CPU.ActiveCfg = Release|Any CPU
		{2EDF3B42-3571-495A-9B8D-F577A2FBA3FD}.Release|Any CPU.Build.0 = Release|Any CPU
		{6BF0A43B-8A0B-4C57-B929-28EE7C61F5D4}.Debug|Any CPU.ActiveCfg = Debug|Any CPU
		{6BF0A43B-8A0B-4C57-B929-28EE7C61F5D4}.Debug|Any CPU.Build.0 = Debug|Any CPU
		{6BF0A43B-8A0B-4C57-B929-28EE7C61F5D4}.Release|Any CPU.ActiveCfg = Release|Any CPU
		{6BF0A43B-8A0B-4C57-B929-28EE7C61F5D4}.Release|Any CPU.Build.0 = Release|Any CPU
		{76C4AE17-FDDB-4F99-8B12-40CB91475582}.Debug|Any CPU.ActiveCfg = Debug|Any CPU
		{76C4AE17-FDDB-4F99-8B12-40CB91475582}.Debug|Any CPU.Build.0 = Debug|Any CPU
		{76C4AE17-FDDB-4F99-8B12-40CB91475582}.Release|Any CPU.ActiveCfg = Release|Any CPU
		{76C4AE17-FDDB-4F99-8B12-40CB91475582}.Release|Any CPU.Build.0 = Release|Any CPU
		{29C81EF9-0D9B-4024-8A65-F0FFE3033324}.Debug|Any CPU.ActiveCfg = Debug|Any CPU
		{29C81EF9-0D9B-4024-8A65-F0FFE3033324}.Debug|Any CPU.Build.0 = Debug|Any CPU
		{29C81EF9-0D9B-4024-8A65-F0FFE3033324}.Release|Any CPU.ActiveCfg = Release|Any CPU
		{29C81EF9-0D9B-4024-8A65-F0FFE3033324}.Release|Any CPU.Build.0 = Release|Any CPU
		{80D31513-0A7D-4EFC-BED3-9B6241389DBD}.Debug|Any CPU.ActiveCfg = Debug|Any CPU
		{80D31513-0A7D-4EFC-BED3-9B6241389DBD}.Debug|Any CPU.Build.0 = Debug|Any CPU
		{80D31513-0A7D-4EFC-BED3-9B6241389DBD}.Release|Any CPU.ActiveCfg = Release|Any CPU
		{80D31513-0A7D-4EFC-BED3-9B6241389DBD}.Release|Any CPU.Build.0 = Release|Any CPU
	EndGlobalSection
	GlobalSection(SolutionProperties) = preSolution
		HideSolutionNode = FALSE
	EndGlobalSection
	GlobalSection(ExtensibilityGlobals) = postSolution
		SolutionGuid = {54B56327-0203-4244-B7CC-EFB157F07812}
	EndGlobalSection
EndGlobal
